
Microsoft Visual Studio Solution File, Format Version 12.00
# Visual Studio Version 16
VisualStudioVersion = 16.0.32228.343
MinimumVisualStudioVersion = 10.0.40219.1
Project("{FAE04EC0-301F-11D3-BF4B-00C04F79EFBC}") = "mart29", "mart29\mart29.csproj", "{D4DDAC7B-4D97-4795-9F83-24A29CA804FB}"
EndProject
Global
	GlobalSection(SolutionConfigurationPlatforms) = preSolution
		Debug|Any CPU = Debug|Any CPU
		Release|Any CPU = Release|Any CPU
	EndGlobalSection
	GlobalSection(ProjectConfigurationPlatforms) = postSolution
		{D4DDAC7B-4D97-4795-9F83-24A29CA804FB}.Debug|Any CPU.ActiveCfg = Debug|Any CPU
		{D4DDAC7B-4D97-4795-9F83-24A29CA804FB}.Debug|Any CPU.Build.0 = Debug|Any CPU
		{D4DDAC7B-4D97-4795-9F83-24A29CA804FB}.Release|Any CPU.ActiveCfg = Release|Any CPU
		{D4DDAC7B-4D97-4795-9F83-24A29CA804FB}.Release|Any CPU.Build.0 = Release|Any CPU
	EndGlobalSection
	GlobalSection(SolutionProperties) = preSolution
		HideSolutionNode = FALSE
	EndGlobalSection
	GlobalSection(ExtensibilityGlobals) = postSolution
		SolutionGuid = {675A1C9E-2373-4281-982A-2F1EABCDAF7D}
	EndGlobalSection
EndGlobal
